
Microsoft Visual Studio Solution File, Format Version 12.00
# Visual Studio Version 16
VisualStudioVersion = 16.0.32407.337
MinimumVisualStudioVersion = 10.0.40219.1
Project("{FAE04EC0-301F-11D3-BF4B-00C04F79EFBC}") = "HandsOnClassAndObjects", "HandsOnClassAndObjects.csproj", "{57048737-3AAF-42AC-9301-F1D98AF99B0A}"
EndProject
Global
	GlobalSection(SolutionConfigurationPlatforms) = preSolution
		Debug|Any CPU = Debug|Any CPU
		Release|Any CPU = Release|Any CPU
	EndGlobalSection
	GlobalSection(ProjectConfigurationPlatforms) = postSolution
		{57048737-3AAF-42AC-9301-F1D98AF99B0A}.Debug|Any CPU.ActiveCfg = Debug|Any CPU
		{57048737-3AAF-42AC-9301-F1D98AF99B0A}.Debug|Any CPU.Build.0 = Debug|Any CPU
		{57048737-3AAF-42AC-9301-F1D98AF99B0A}.Release|Any CPU.ActiveCfg = Release|Any CPU
		{57048737-3AAF-42AC-9301-F1D98AF99B0A}.Release|Any CPU.Build.0 = Release|Any CPU
	EndGlobalSection
	GlobalSection(SolutionProperties) = preSolution
		HideSolutionNode = FALSE
	EndGlobalSection
	GlobalSection(ExtensibilityGlobals) = postSolution
		SolutionGuid = {2185A103-AA04-4B62-97E7-100C2AC48F87}
	EndGlobalSection
EndGlobal
