
Microsoft Visual Studio Solution File, Format Version 12.00
# Visual Studio Version 16
VisualStudioVersion = 16.0.32407.337
MinimumVisualStudioVersion = 10.0.40219.1
Project("{FAE04EC0-301F-11D3-BF4B-00C04F79EFBC}") = "HandsOnAssignment_23_04", "HandsOnAssignment_23_04.csproj", "{B8269E18-01DF-494A-B91E-D9A4786FF768}"
EndProject
Global
	GlobalSection(SolutionConfigurationPlatforms) = preSolution
		Debug|Any CPU = Debug|Any CPU
		Release|Any CPU = Release|Any CPU
	EndGlobalSection
	GlobalSection(ProjectConfigurationPlatforms) = postSolution
		{B8269E18-01DF-494A-B91E-D9A4786FF768}.Debug|Any CPU.ActiveCfg = Debug|Any CPU
		{B8269E18-01DF-494A-B91E-D9A4786FF768}.Debug|Any CPU.Build.0 = Debug|Any CPU
		{B8269E18-01DF-494A-B91E-D9A4786FF768}.Release|Any CPU.ActiveCfg = Release|Any CPU
		{B8269E18-01DF-494A-B91E-D9A4786FF768}.Release|Any CPU.Build.0 = Release|Any CPU
	EndGlobalSection
	GlobalSection(SolutionProperties) = preSolution
		HideSolutionNode = FALSE
	EndGlobalSection
	GlobalSection(ExtensibilityGlobals) = postSolution
		SolutionGuid = {EBA73281-54EC-46FC-A48F-BD504AE289E0}
	EndGlobalSection
EndGlobal
